# @generated by Move, please check-in and do not edit manually.

[move]
version = 3
manifest_digest = "EC471AC8B26A124357A8B5252ADFEAE607653523A6AA2368238C0DA726388F1A"
deps_digest = "F9B494B64F0615AED0E98FC12A85B85ECD2BC5185C22D30E7F67786BB52E507C"
dependencies = [
  { id = "Bridge", name = "Bridge" },
  { id = "MoveStdlib", name = "MoveStdlib" },
  { id = "Sui", name = "Sui" },
  { id = "SuiSystem", name = "SuiSystem" },
]

[[move.package]]
id = "Bridge"
source = { git = "https://github.com/MystenLabs/sui.git", rev = "ad937889f2f99bc666b05aaeadccb0d3d7d1f863", subdir = "crates/sui-framework/packages/bridge" }

dependencies = [
  { id = "MoveStdlib", name = "MoveStdlib" },
  { id = "Sui", name = "Sui" },
  { id = "SuiSystem", name = "SuiSystem" },
]

[[move.package]]
id = "MoveStdlib"
source = { git = "https://github.com/MystenLabs/sui.git", rev = "ad937889f2f99bc666b05aaeadccb0d3d7d1f863", subdir = "crates/sui-framework/packages/move-stdlib" }

[[move.package]]
id = "Sui"
source = { git = "https://github.com/MystenLabs/sui.git", rev = "ad937889f2f99bc666b05aaeadccb0d3d7d1f863", subdir = "crates/sui-framework/packages/sui-framework" }

dependencies = [
  { id = "MoveStdlib", name = "MoveStdlib" },
]

[[move.package]]
id = "SuiSystem"
source = { git = "https://github.com/MystenLabs/sui.git", rev = "ad937889f2f99bc666b05aaeadccb0d3d7d1f863", subdir = "crates/sui-framework/packages/sui-system" }

dependencies = [
  { id = "MoveStdlib", name = "MoveStdlib" },
  { id = "Sui", name = "Sui" },
]

[move.toolchain-version]
compiler-version = "1.62.0"
edition = "2024.beta"
flavor = "sui"

[env]

[env.devnet]
chain-id = "a2c63a99"
original-published-id = "0xac0c26c69474848e0daecd28fb429dd1aee9dfe8ec5d04f4cb059bc4e9fe1688"
latest-published-id = "0xac0c26c69474848e0daecd28fb429dd1aee9dfe8ec5d04f4cb059bc4e9fe1688"
published-version = "1"

[env.testnet]
chain-id = "4c78adac"
original-published-id = "0xce3136c7af3e907fc53dee12daeeec8eae832c407fc3f47fa47cb3f3c6559c4c"
latest-published-id = "0xce3136c7af3e907fc53dee12daeeec8eae832c407fc3f47fa47cb3f3c6559c4c"
published-version = "1"
